# Generated by move; do not edit
# This file should be checked in.

[move]
version = 4

[pinned.mainnet.MoveStdlib]
source = { git = "https://github.com/MystenLabs/sui.git", subdir = "crates/sui-framework/packages/move-stdlib", rev = "718ae563a42fb4ba0d055588f81c704dcef58c25" }
use_environment = "mainnet"
manifest_digest = "C4FE4C91DE74CBF223B2E380AE40F592177D21870DC2D7EB6227D2D694E05363"
deps = {}

[pinned.mainnet.Sui]
source = { git = "https://github.com/MystenLabs/sui.git", subdir = "crates/sui-framework/packages/sui-framework", rev = "718ae563a42fb4ba0d055588f81c704dcef58c25" }
use_environment = "mainnet"
manifest_digest = "CD547CB1ACCE0880C835DAED2D8FFCB91D56C833AE5240D3AA5B918398263195"
deps = { MoveStdlib = "MoveStdlib" }

[pinned.mainnet.base_vault]
source = { local = "../../base_vault" }
use_environment = "mainnet"
manifest_digest = "E41BBD67BE8940D26C79D78B028477EF5B33BA217A1282C78ACB344CF8A5ECF6"
deps = { std = "MoveStdlib", sui = "Sui" }

[pinned.mainnet.deepbook]
source = { git = "https://github.com/MystenLabs/deepbookv3.git", subdir = "packages/deepbook", rev = "c9ee19690222f6a67c4365ca13df5df1c70cb545" }
use_environment = "mainnet"
manifest_digest = "F4948AC65D214ECC0561B7E94987B2AF2D7BF78658F6AE5CA5D0E1DA68873872"
deps = { std = "MoveStdlib", sui = "Sui", token = "token" }

[pinned.mainnet.deepbook_predict]
source = { git = "https://github.com/MystenLabs/deepbookv3.git", subdir = "packages/predict", rev = "c9ee19690222f6a67c4365ca13df5df1c70cb545" }
use_environment = "mainnet"
manifest_digest = "530EBD642C5DCE23081CD794F9316CB85F7F6C33D8E27D11F4A54A6F7B16C683"
deps = { deepbook = "deepbook", std = "MoveStdlib", sui = "Sui" }

[pinned.mainnet.shield_strategy]
source = { root = true }
use_environment = "mainnet"
manifest_digest = "8D2C766814B278BF14A623630F8F1433661FE6BE4FE56EE6937E2CD9C778B1AB"
deps = { base_vault = "base_vault", deepbook_predict = "deepbook_predict", std = "MoveStdlib", sui = "Sui" }

[pinned.mainnet.token]
source = { git = "https://github.com/MystenLabs/deepbookv3.git", subdir = "packages/token", rev = "daa5a9514908968f11be1d0388f673e0ee1a5059" }
use_environment = "mainnet"
manifest_digest = "E41BBD67BE8940D26C79D78B028477EF5B33BA217A1282C78ACB344CF8A5ECF6"
deps = { std = "MoveStdlib", sui = "Sui" }
